// !$*UTF8*$!
{
	archiveVersion = 1;
	classes = {
	};
	objectVersion = 77;
	objects = {

/* Begin PBXBuildFile section */
		20A142DC2E88035B0088861E /* LocationsDataService.swift in Sources */ = {isa = PBXBuildFile; fileRef = 20A142CE2E88035B0088861E /* LocationsDataService.swift */; };
		20A142DD2E88035B0088861E /* location.swift in Sources */ = {isa = PBXBuildFile; fileRef = 20A142D12E88035B0088861E /* location.swift */; };
		20A142DE2E88035B0088861E /* LocationViewModel.swift in Sources */ = {isa = PBXBuildFile; fileRef = 20A142D32E88035B0088861E /* LocationViewModel.swift */; };
		20A142DF2E88035B0088861E /* LocationsView.swift in Sources */ = {isa = PBXBuildFile; fileRef = 20A142D52E88035B0088861E /* LocationsView.swift */; };
		20A142E02E88035B0088861E /* ContentView.swift in Sources */ = {isa = PBXBuildFile; fileRef = 20A142D72E88035B0088861E /* ContentView.swift */; };
		20A142E12E88035B0088861E /* mapApp.swift in Sources */ = {isa = PBXBuildFile; fileRef = 20A142D92E88035B0088861E /* mapApp.swift */; };
		20A142E22E88035B0088861E /* Assets.xcassets in Resources */ = {isa = PBXBuildFile; fileRef = 20A142D02E88035B0088861E /* Assets.xcassets */; };
		20A142E42E88035B0088861E /* Preview Assets.xcassets in Resources */ = {isa = PBXBuildFile; fileRef = 20A142DA2E88035B0088861E /* Preview Assets.xcassets */; };
		20A142E62E894BA60088861E /* LocationListView.swift in Sources */ = {isa = PBXBuildFile; fileRef = 20A142E52E894BA60088861E /* LocationListView.swift */; };
		20A142E92E8C1E620088861E /* LocationPreviewView.swift in Sources */ = {isa = PBXBuildFile; fileRef = 20A142E82E8C1E620088861E /* LocationPreviewView.swift */; };
/* End PBXBuildFile section */

/* Begin PBXFileReference section */
		205DDB4C2E871D13004A1909 /* map.app */ = {isa = PBXFileReference; explicitFileType = wrapper.application; includeInIndex = 0; path = map.app; sourceTree = BUILT_PRODUCTS_DIR; };
		20A142CE2E88035B0088861E /* LocationsDataService.swift */ = {isa = PBXFileReference; lastKnownFileType = sourcecode.swift; path = LocationsDataService.swift; sourceTree = "<group>"; };
		20A142D02E88035B0088861E /* Assets.xcassets */ = {isa = PBXFileReference; lastKnownFileType = folder.assetcatalog; path = Assets.xcassets; sourceTree = "<group>"; };
		20A142D12E88035B0088861E /* location.swift */ = {isa = PBXFileReference; lastKnownFileType = sourcecode.swift; path = location.swift; sourceTree = "<group>"; };
		20A142D32E88035B0088861E /* LocationViewModel.swift */ = {isa = PBXFileReference; lastKnownFileType = sourcecode.swift; path = LocationViewModel.swift; sourceTree = "<group>"; };
		20A142D52E88035B0088861E /* LocationsView.swift */ = {isa = PBXFileReference; lastKnownFileType = sourcecode.swift; path = LocationsView.swift; sourceTree = "<group>"; };
		20A142D72E88035B0088861E /* ContentView.swift */ = {isa = PBXFileReference; lastKnownFileType = sourcecode.swift; path = ContentView.swift; sourceTree = "<group>"; };
		20A142D92E88035B0088861E /* mapApp.swift */ = {isa = PBXFileReference; lastKnownFileType = sourcecode.swift; path = mapApp.swift; sourceTree = "<group>"; };
		20A142DA2E88035B0088861E /* Preview Assets.xcassets */ = {isa = PBXFileReference; lastKnownFileType = folder.assetcatalog; path = "Preview Assets.xcassets"; sourceTree = "<group>"; };
		20A142E52E894BA60088861E /* LocationListView.swift */ = {isa = PBXFileReference; lastKnownFileType = sourcecode.swift; path = LocationListView.swift; sourceTree = "<group>"; };
		20A142E82E8C1E620088861E /* LocationPreviewView.swift */ = {isa = PBXFileReference; lastKnownFileType = sourcecode.swift; path = LocationPreviewView.swift; sourceTree = "<group>"; };
/* End PBXFileReference section */

/* Begin PBXFrameworksBuildPhase section */
		205DDB492E871D13004A1909 /* Frameworks */ = {
			isa = PBXFrameworksBuildPhase;
			buildActionMask = 2147483647;
			files = (
			);
			runOnlyForDeploymentPostprocessing = 0;
		};
/* End PBXFrameworksBuildPhase section */

/* Begin PBXGroup section */
		205DDB432E871D13004A1909 = {
			isa = PBXGroup;
			children = (
				20A142DB2E88035B0088861E /* map */,
				205DDB4D2E871D13004A1909 /* Products */,
			);
			sourceTree = "<group>";
		};
		205DDB4D2E871D13004A1909 /* Products */ = {
			isa = PBXGroup;
			children = (
				205DDB4C2E871D13004A1909 /* map.app */,
			);
			name = Products;
			sourceTree = "<group>";
		};
		20A142CF2E88035B0088861E /* dataService */ = {
			isa = PBXGroup;
			children = (
				20A142CE2E88035B0088861E /* LocationsDataService.swift */,
			);
			path = dataService;
			sourceTree = "<group>";
		};
		20A142D22E88035B0088861E /* models */ = {
			isa = PBXGroup;
			children = (
				20A142D02E88035B0088861E /* Assets.xcassets */,
				20A142D12E88035B0088861E /* location.swift */,
			);
			path = models;
			sourceTree = "<group>";
		};
		20A142D42E88035B0088861E /* viewModels */ = {
			isa = PBXGroup;
			children = (
				20A142D32E88035B0088861E /* LocationViewModel.swift */,
			);
			path = viewModels;
			sourceTree = "<group>";
		};
		20A142D62E88035B0088861E /* views */ = {
			isa = PBXGroup;
			children = (
				20A142D52E88035B0088861E /* LocationsView.swift */,
				20A142E52E894BA60088861E /* LocationListView.swift */,
				20A142E82E8C1E620088861E /* LocationPreviewView.swift */,
			);
			path = views;
			sourceTree = "<group>";
		};
		20A142DB2E88035B0088861E /* map */ = {
			isa = PBXGroup;
			children = (
				20A142CF2E88035B0088861E /* dataService */,
				20A142D22E88035B0088861E /* models */,
				20A142D42E88035B0088861E /* viewModels */,
				20A142D62E88035B0088861E /* views */,
				20A142D72E88035B0088861E /* ContentView.swift */,
				20A142D92E88035B0088861E /* mapApp.swift */,
				20A142DA2E88035B0088861E /* Preview Assets.xcassets */,
			);
			path = map;
			sourceTree = "<group>";
		};
/* End PBXGroup section */

/* Begin PBXNativeTarget section */
		205DDB4B2E871D13004A1909 /* map */ = {
			isa = PBXNativeTarget;
			buildConfigurationList = 205DDB5A2E871D16004A1909 /* Build configuration list for PBXNativeTarget "map" */;
			buildPhases = (
				205DDB482E871D13004A1909 /* Sources */,
				205DDB492E871D13004A1909 /* Frameworks */,
				205DDB4A2E871D13004A1909 /* Resources */,
			);
			buildRules = (
			);
			dependencies = (
			);
			name = map;
			packageProductDependencies = (
			);
			productName = map;
			productReference = 205DDB4C2E871D13004A1909 /* map.app */;
			productType = "com.apple.product-type.application";
		};
/* End PBXNativeTarget section */

/* Begin PBXProject section */
		205DDB442E871D13004A1909 /* Project object */ = {
			isa = PBXProject;
			attributes = {
				BuildIndependentTargetsInParallel = 1;
				LastSwiftUpdateCheck = 1620;
				LastUpgradeCheck = 1620;
				TargetAttributes = {
					205DDB4B2E871D13004A1909 = {
						CreatedOnToolsVersion = 16.2;
					};
				};
			};
			buildConfigurationList = 205DDB472E871D13004A1909 /* Build configuration list for PBXProject "map" */;
			developmentRegion = en;
			hasScannedForEncodings = 0;
			knownRegions = (
				en,
				Base,
			);
			mainGroup = 205DDB432E871D13004A1909;
			minimizedProjectReferenceProxies = 1;
			preferredProjectObjectVersion = 77;
			productRefGroup = 205DDB4D2E871D13004A1909 /* Products */;
			projectDirPath = "";
			projectRoot = "";
			targets = (
				205DDB4B2E871D13004A1909 /* map */,
			);
		};
/* End PBXProject section */

/* Begin PBXResourcesBuildPhase section */
		205DDB4A2E871D13004A1909 /* Resources */ = {
			isa = PBXResourcesBuildPhase;
			buildActionMask = 2147483647;
			files = (
				20A142E22E88035B0088861E /* Assets.xcassets in Resources */,
				20A142E42E88035B0088861E /* Preview Assets.xcassets in Resources */,
			);
			runOnlyForDeploymentPostprocessing = 0;
		};
/* End PBXResourcesBuildPhase section */

/* Begin PBXSourcesBuildPhase section */
		205DDB482E871D13004A1909 /* Sources */ = {
			isa = PBXSourcesBuildPhase;
			buildActionMask = 2147483647;
			files = (
				20A142DC2E88035B0088861E /* LocationsDataService.swift in Sources */,
				20A142DD2E88035B0088861E /* location.swift in Sources */,
				20A142E92E8C1E620088861E /* LocationPreviewView.swift in Sources */,
				20A142DE2E88035B0088861E /* LocationViewModel.swift in Sources */,
				20A142DF2E88035B0088861E /* LocationsView.swift in Sources */,
				20A142E62E894BA60088861E /* LocationListView.swift in Sources */,
				20A142E02E88035B0088861E /* ContentView.swift in Sources */,
				20A142E12E88035B0088861E /* mapApp.swift in Sources */,
			);
			runOnlyForDeploymentPostprocessing = 0;
		};
/* End PBXSourcesBuildPhase section */

/* Begin XCBuildConfiguration section */
		205DDB582E871D16004A1909 /* Debug */ = {
			isa = XCBuildConfiguration;
			buildSettings = {
				ALWAYS_SEARCH_USER_PATHS = NO;
				ASSETCATALOG_COMPILER_GENERATE_SWIFT_ASSET_SYMBOL_EXTENSIONS = YES;
				CLANG_ANALYZER_NONNULL = YES;
				CLANG_ANALYZER_NUMBER_OBJECT_CONVERSION = YES_AGGRESSIVE;
				CLANG_CXX_LANGUAGE_STANDARD = "gnu++20";
				CLANG_ENABLE_MODULES = YES;
				CLANG_ENABLE_OBJC_ARC = YES;
				CLANG_ENABLE_OBJC_WEAK = YES;
				CLANG_WARN_BLOCK_CAPTURE_AUTORELEASING = YES;
				CLANG_WARN_BOOL_CONVERSION = YES;
				CLANG_WARN_COMMA = YES;
				CLANG_WARN_CONSTANT_CONVERSION = YES;
				CLANG_WARN_DEPRECATED_OBJC_IMPLEMENTATIONS = YES;
				CLANG_WARN_DIRECT_OBJC_ISA_USAGE = YES_ERROR;
				CLANG_WARN_DOCUMENTATION_COMMENTS = YES;
				CLANG_WARN_EMPTY_BODY = YES;
				CLANG_WARN_ENUM_CONVERSION = YES;
				CLANG_WARN_INFINITE_RECURSION = YES;
				CLANG_WARN_INT_CONVERSION = YES;
				CLANG_WARN_NON_LITERAL_NULL_CONVERSION = YES;
				CLANG_WARN_OBJC_IMPLICIT_RETAIN_SELF = YES;
				CLANG_WARN_OBJC_LITERAL_CONVERSION = YES;
				CLANG_WARN_OBJC_ROOT_CLASS = YES_ERROR;
				CLANG_WARN_QUOTED_INCLUDE_IN_FRAMEWORK_HEADER = YES;
				CLANG_WARN_RANGE_LOOP_ANALYSIS = YES;
				CLANG_WARN_STRICT_PROTOTYPES = YES;
				CLANG_WARN_SUSPICIOUS_MOVE = YES;
				CLANG_WARN_UNGUARDED_AVAILABILITY = YES_AGGRESSIVE;
				CLANG_WARN_UNREACHABLE_CODE = YES;
				CLANG_WARN__DUPLICATE_METHOD_MATCH = YES;
				COPY_PHASE_STRIP = NO;
				DEBUG_INFORMATION_FORMAT = dwarf;
				ENABLE_STRICT_OBJC_MSGSEND = YES;
				ENABLE_TESTABILITY = YES;
				ENABLE_USER_SCRIPT_SANDBOXING = YES;
				GCC_C_LANGUAGE_STANDARD = gnu17;
				GCC_DYNAMIC_NO_PIC = NO;
				GCC_NO_COMMON_BLOCKS = YES;
				GCC_OPTIMIZATION_LEVEL = 0;
				GCC_PREPROCESSOR_DEFINITIONS = (
					"DEBUG=1",
					"$(inherited)",
				);
				GCC_WARN_64_TO_32_BIT_CONVERSION = YES;
				GCC_WARN_ABOUT_RETURN_TYPE = YES_ERROR;
				GCC_WARN_UNDECLARED_SELECTOR = YES;
				GCC_WARN_UNINITIALIZED_AUTOS = YES_AGGRESSIVE;
				GCC_WARN_UNUSED_FUNCTION = YES;
				GCC_WARN_UNUSED_VARIABLE = YES;
				IPHONEOS_DEPLOYMENT_TARGET = 18.2;
				LOCALIZATION_PREFERS_STRING_CATALOGS = YES;
				MTL_ENABLE_DEBUG_INFO = INCLUDE_SOURCE;
				MTL_FAST_MATH = YES;
				ONLY_ACTIVE_ARCH = YES;
				SDKROOT = iphoneos;
				SWIFT_ACTIVE_COMPILATION_CONDITIONS = "DEBUG $(inherited)";
				SWIFT_OPTIMIZATION_LEVEL = "-Onone";
			};
			name = Debug;
		};
		205DDB592E871D16004A1909 /* Release */ = {
			isa = XCBuildConfiguration;
			buildSettings = {
				ALWAYS_SEARCH_USER_PATHS = NO;
				ASSETCATALOG_COMPILER_GENERATE_SWIFT_ASSET_SYMBOL_EXTENSIONS = YES;
				CLANG_ANALYZER_NONNULL = YES;
				CLANG_ANALYZER_NUMBER_OBJECT_CONVERSION = YES_AGGRESSIVE;
				CLANG_CXX_LANGUAGE_STANDARD = "gnu++20";
				CLANG_ENABLE_MODULES = YES;
				CLANG_ENABLE_OBJC_ARC = YES;
				CLANG_ENABLE_OBJC_WEAK = YES;
				CLANG_WARN_BLOCK_CAPTURE_AUTORELEASING = YES;
				CLANG_WARN_BOOL_CONVERSION = YES;
				CLANG_WARN_COMMA = YES;
				CLANG_WARN_CONSTANT_CONVERSION = YES;
				CLANG_WARN_DEPRECATED_OBJC_IMPLEMENTATIONS = YES;
				CLANG_WARN_DIRECT_OBJC_ISA_USAGE = YES_ERROR;
				CLANG_WARN_DOCUMENTATION_COMMENTS = YES;
				CLANG_WARN_EMPTY_BODY = YES;
				CLANG_WARN_ENUM_CONVERSION = YES;
				CLANG_WARN_INFINITE_RECURSION = YES;
				CLANG_WARN_INT_CONVERSION = YES;
				CLANG_WARN_NON_LITERAL_NULL_CONVERSION = YES;
				CLANG_WARN_OBJC_IMPLICIT_RETAIN_SELF = YES;
				CLANG_WARN_OBJC_LITERAL_CONVERSION = YES;
				CLANG_WARN_OBJC_ROOT_CLASS = YES_ERROR;
				CLANG_WARN_QUOTED_INCLUDE_IN_FRAMEWORK_HEADER = YES;
				CLANG_WARN_RANGE_LOOP_ANALYSIS = YES;
				CLANG_WARN_STRICT_PROTOTYPES = YES;
				CLANG_WARN_SUSPICIOUS_MOVE = YES;
				CLANG_WARN_UNGUARDED_AVAILABILITY = YES_AGGRESSIVE;
				CLANG_WARN_UNREACHABLE_CODE = YES;
				CLANG_WARN__DUPLICATE_METHOD_MATCH = YES;
				COPY_PHASE_STRIP = NO;
				DEBUG_INFORMATION_FORMAT = "dwarf-with-dsym";
				ENABLE_NS_ASSERTIONS = NO;
				ENABLE_STRICT_OBJC_MSGSEND = YES;
				ENABLE_USER_SCRIPT_SANDBOXING = YES;
				GCC_C_LANGUAGE_STANDARD = gnu17;
				GCC_NO_COMMON_BLOCKS = YES;
				GCC_WARN_64_TO_32_BIT_CONVERSION = YES;
				GCC_WARN_ABOUT_RETURN_TYPE = YES_ERROR;
				GCC_WARN_UNDECLARED_SELECTOR = YES;
				GCC_WARN_UNINITIALIZED_AUTOS = YES_AGGRESSIVE;
				GCC_WARN_UNUSED_FUNCTION = YES;
				GCC_WARN_UNUSED_VARIABLE = YES;
				IPHONEOS_DEPLOYMENT_TARGET = 18.2;
				LOCALIZATION_PREFERS_STRING_CATALOGS = YES;
				MTL_ENABLE_DEBUG_INFO = NO;
				MTL_FAST_MATH = YES;
				SDKROOT = iphoneos;
				SWIFT_COMPILATION_MODE = wholemodule;
				VALIDATE_PRODUCT = YES;
			};
			name = Release;
		};
		205DDB5B2E871D16004A1909 /* Debug */ = {
			isa = XCBuildConfiguration;
			buildSettings = {
				ASSETCATALOG_COMPILER_APPICON_NAME = AppIcon;
				ASSETCATALOG_COMPILER_GLOBAL_ACCENT_COLOR_NAME = AccentColor;
				CODE_SIGN_STYLE = Automatic;
				CURRENT_PROJECT_VERSION = 1;
				DEVELOPMENT_ASSET_PATHS = "\"map/Preview Content\"";
				ENABLE_PREVIEWS = YES;
				GENERATE_INFOPLIST_FILE = YES;
				INFOPLIST_KEY_UIApplicationSceneManifest_Generation = YES;
				INFOPLIST_KEY_UIApplicationSupportsIndirectInputEvents = YES;
				INFOPLIST_KEY_UILaunchScreen_Generation = YES;
				INFOPLIST_KEY_UISupportedInterfaceOrientations_iPad = "UIInterfaceOrientationPortrait UIInterfaceOrientationPortraitUpsideDown UIInterfaceOrientationLandscapeLeft UIInterfaceOrientationLandscapeRight";
				INFOPLIST_KEY_UISupportedInterfaceOrientations_iPhone = "UIInterfaceOrientationPortrait UIInterfaceOrientationLandscapeLeft UIInterfaceOrientationLandscapeRight";
				LD_RUNPATH_SEARCH_PATHS = (
					"$(inherited)",
					"@executable_path/Frameworks",
				);
				MARKETING_VERSION = 1.0;
				PRODUCT_BUNDLE_IDENTIFIER = ss.map;
				PRODUCT_NAME = "$(TARGET_NAME)";
				SWIFT_EMIT_LOC_STRINGS = YES;
				SWIFT_VERSION = 5.0;
				TARGETED_DEVICE_FAMILY = "1,2";
			};
			name = Debug;
		};
		205DDB5C2E871D16004A1909 /* Release */ = {
			isa = XCBuildConfiguration;
			buildSettings = {
				ASSETCATALOG_COMPILER_APPICON_NAME = AppIcon;
				ASSETCATALOG_COMPILER_GLOBAL_ACCENT_COLOR_NAME = AccentColor;
				CODE_SIGN_STYLE = Automatic;
				CURRENT_PROJECT_VERSION = 1;
				DEVELOPMENT_ASSET_PATHS = "\"map/Preview Content\"";
				ENABLE_PREVIEWS = YES;
				GENERATE_INFOPLIST_FILE = YES;
				INFOPLIST_KEY_UIApplicationSceneManifest_Generation = YES;
				INFOPLIST_KEY_UIApplicationSupportsIndirectInputEvents = YES;
				INFOPLIST_KEY_UILaunchScreen_Generation = YES;
				INFOPLIST_KEY_UISupportedInterfaceOrientations_iPad = "UIInterfaceOrientationPortrait UIInterfaceOrientationPortraitUpsideDown UIInterfaceOrientationLandscapeLeft UIInterfaceOrientationLandscapeRight";
				INFOPLIST_KEY_UISupportedInterfaceOrientations_iPhone = "UIInterfaceOrientationPortrait UIInterfaceOrientationLandscapeLeft UIInterfaceOrientationLandscapeRight";
				LD_RUNPATH_SEARCH_PATHS = (
					"$(inherited)",
					"@executable_path/Frameworks",
				);
				MARKETING_VERSION = 1.0;
				PRODUCT_BUNDLE_IDENTIFIER = ss.map;
				PRODUCT_NAME = "$(TARGET_NAME)";
				SWIFT_EMIT_LOC_STRINGS = YES;
				SWIFT_VERSION = 5.0;
				TARGETED_DEVICE_FAMILY = "1,2";
			};
			name = Release;
		};
/* End XCBuildConfiguration section */

/* Begin XCConfigurationList section */
		205DDB472E871D13004A1909 /* Build configuration list for PBXProject "map" */ = {
			isa = XCConfigurationList;
			buildConfigurations = (
				205DDB582E871D16004A1909 /* Debug */,
				205DDB592E871D16004A1909 /* Release */,
			);
			defaultConfigurationIsVisible = 0;
			defaultConfigurationName = Release;
		};
		205DDB5A2E871D16004A1909 /* Build configuration list for PBXNativeTarget "map" */ = {
			isa = XCConfigurationList;
			buildConfigurations = (
				205DDB5B2E871D16004A1909 /* Debug */,
				205DDB5C2E871D16004A1909 /* Release */,
			);
			defaultConfigurationIsVisible = 0;
			defaultConfigurationName = Release;
		};
/* End XCConfigurationList section */
	};
	rootObject = 205DDB442E871D13004A1909 /* Project object */;
}
